
Microsoft Visual Studio Solution File, Format Version 12.00
# Visual Studio Version 17
VisualStudioVersion = 17.4.33205.214
MinimumVisualStudioVersion = 10.0.40219.1
Project("{FAE04EC0-301F-11D3-BF4B-00C04F79EFBC}") = "DropMore", "DropMore.csproj", "{8A53F6F1-88FF-4292-9D28-607718584E90}"
EndProject
Global
	GlobalSection(SolutionConfigurationPlatforms) = preSolution
		Debug|Any CPU = Debug|Any CPU
		Release|Any CPU = Release|Any CPU
	EndGlobalSection
	GlobalSection(ProjectConfigurationPlatforms) = postSolution
		{8A53F6F1-88FF-4292-9D28-607718584E90}.Debug|Any CPU.ActiveCfg = Debug|Any CPU
		{8A53F6F1-88FF-4292-9D28-607718584E90}.Debug|Any CPU.Build.0 = Debug|Any CPU
		{8A53F6F1-88FF-4292-9D28-607718584E90}.Release|Any CPU.ActiveCfg = Release|Any CPU
		{8A53F6F1-88FF-4292-9D28-607718584E90}.Release|Any CPU.Build.0 = Release|Any CPU
	EndGlobalSection
	GlobalSection(SolutionProperties) = preSolution
		HideSolutionNode = FALSE
	EndGlobalSection
	GlobalSection(ExtensibilityGlobals) = postSolution
		SolutionGuid = {EB98B440-C031-462B-852B-F308A88C11F8}
	EndGlobalSection
EndGlobal
